
Microsoft Visual Studio Solution File, Format Version 12.00
# Visual Studio 15
VisualStudioVersion = 15.0.28307.271
MinimumVisualStudioVersion = 10.0.40219.1
Project("{2150E333-8FDC-42A3-9474-1A3956D46DE8}") = "Solution Items", "Solution Items", "{C85B3FFE-C627-4C06-9511-0D1E1609E208}"
	ProjectSection(SolutionItems) = preProject
		privacy.md = privacy.md
		privacy_ja.md = privacy_ja.md
	EndProjectSection
EndProject
Global
	GlobalSection(SolutionProperties) = preSolution
		HideSolutionNode = FALSE
	EndGlobalSection
	GlobalSection(ExtensibilityGlobals) = postSolution
		SolutionGuid = {7225ED79-C23E-4008-A927-82194E381E84}
	EndGlobalSection
EndGlobal
